
Microsoft Visual Studio Solution File, Format Version 12.00
# Visual Studio Version 16
VisualStudioVersion = 16.0.31702.278
MinimumVisualStudioVersion = 10.0.40219.1
Project("{FAE04EC0-301F-11D3-BF4B-00C04F79EFBC}") = "PartialViewToController", "PartialViewToController\PartialViewToController.csproj", "{939008BA-C08D-4828-B13B-F24EDF591B24}"
EndProject
Project("{FAE04EC0-301F-11D3-BF4B-00C04F79EFBC}") = "CrudInViewToController", "I:\MVC Course\Class_19(ViewToControllerSaveOperation)\CrudInViewToController\CrudInViewToController.csproj", "{F2CB6DCB-720A-44DF-BC72-56FF22E6976C}"
EndProject
Global
	GlobalSection(SolutionConfigurationPlatforms) = preSolution
		Debug|Any CPU = Debug|Any CPU
		Release|Any CPU = Release|Any CPU
	EndGlobalSection
	GlobalSection(ProjectConfigurationPlatforms) = postSolution
		{939008BA-C08D-4828-B13B-F24EDF591B24}.Debug|Any CPU.ActiveCfg = Debug|Any CPU
		{939008BA-C08D-4828-B13B-F24EDF591B24}.Debug|Any CPU.Build.0 = Debug|Any CPU
		{939008BA-C08D-4828-B13B-F24EDF591B24}.Release|Any CPU.ActiveCfg = Release|Any CPU
		{939008BA-C08D-4828-B13B-F24EDF591B24}.Release|Any CPU.Build.0 = Release|Any CPU
		{F2CB6DCB-720A-44DF-BC72-56FF22E6976C}.Debug|Any CPU.ActiveCfg = Debug|Any CPU
		{F2CB6DCB-720A-44DF-BC72-56FF22E6976C}.Debug|Any CPU.Build.0 = Debug|Any CPU
		{F2CB6DCB-720A-44DF-BC72-56FF22E6976C}.Release|Any CPU.ActiveCfg = Release|Any CPU
		{F2CB6DCB-720A-44DF-BC72-56FF22E6976C}.Release|Any CPU.Build.0 = Release|Any CPU
	EndGlobalSection
	GlobalSection(SolutionProperties) = preSolution
		HideSolutionNode = FALSE
	EndGlobalSection
	GlobalSection(ExtensibilityGlobals) = postSolution
		SolutionGuid = {4646FBE6-AF6A-4243-9CB8-66ECE2CCFB04}
	EndGlobalSection
EndGlobal
